
Microsoft Visual Studio Solution File, Format Version 12.00
# Visual Studio 15
Project("{FAE04EC0-301F-11D3-BF4B-00C04F79EFBC}") = "Assembly-CSharp", "Assembly-CSharp.csproj", "{A301E02F-4C43-D50D-5237-E4CE5F295CC9}"
EndProject
Project("{FAE04EC0-301F-11D3-BF4B-00C04F79EFBC}") = "AstarPathfindingProject", "AstarPathfindingProject.csproj", "{EB249DA3-C830-7C13-610E-2C2C07BE0709}"
EndProject
Project("{FAE04EC0-301F-11D3-BF4B-00C04F79EFBC}") = "AstarPathfindingProjectEditor", "AstarPathfindingProjectEditor.csproj", "{14A7EC45-1CBF-1951-C334-52B2396188C3}"
EndProject
Project("{FAE04EC0-301F-11D3-BF4B-00C04F79EFBC}") = "PackageToolsEditor", "PackageToolsEditor.csproj", "{DB84235B-56D3-458E-CBE2-D3E438467377}"
EndProject
Global
	GlobalSection(SolutionConfigurationPlatforms) = preSolution
		Debug|Any CPU = Debug|Any CPU
		Release|Any CPU = Release|Any CPU
	EndGlobalSection
	GlobalSection(ProjectConfigurationPlatforms) = postSolution
		{A301E02F-4C43-D50D-5237-E4CE5F295CC9}.Debug|Any CPU.ActiveCfg = Debug|Any CPU
		{A301E02F-4C43-D50D-5237-E4CE5F295CC9}.Debug|Any CPU.Build.0 = Debug|Any CPU
		{A301E02F-4C43-D50D-5237-E4CE5F295CC9}.Release|Any CPU.ActiveCfg = Release|Any CPU
		{A301E02F-4C43-D50D-5237-E4CE5F295CC9}.Release|Any CPU.Build.0 = Release|Any CPU
		{EB249DA3-C830-7C13-610E-2C2C07BE0709}.Debug|Any CPU.ActiveCfg = Debug|Any CPU
		{EB249DA3-C830-7C13-610E-2C2C07BE0709}.Debug|Any CPU.Build.0 = Debug|Any CPU
		{EB249DA3-C830-7C13-610E-2C2C07BE0709}.Release|Any CPU.ActiveCfg = Release|Any CPU
		{EB249DA3-C830-7C13-610E-2C2C07BE0709}.Release|Any CPU.Build.0 = Release|Any CPU
		{14A7EC45-1CBF-1951-C334-52B2396188C3}.Debug|Any CPU.ActiveCfg = Debug|Any CPU
		{14A7EC45-1CBF-1951-C334-52B2396188C3}.Debug|Any CPU.Build.0 = Debug|Any CPU
		{14A7EC45-1CBF-1951-C334-52B2396188C3}.Release|Any CPU.ActiveCfg = Release|Any CPU
		{14A7EC45-1CBF-1951-C334-52B2396188C3}.Release|Any CPU.Build.0 = Release|Any CPU
		{DB84235B-56D3-458E-CBE2-D3E438467377}.Debug|Any CPU.ActiveCfg = Debug|Any CPU
		{DB84235B-56D3-458E-CBE2-D3E438467377}.Debug|Any CPU.Build.0 = Debug|Any CPU
		{DB84235B-56D3-458E-CBE2-D3E438467377}.Release|Any CPU.ActiveCfg = Release|Any CPU
		{DB84235B-56D3-458E-CBE2-D3E438467377}.Release|Any CPU.Build.0 = Release|Any CPU
	EndGlobalSection
	GlobalSection(SolutionProperties) = preSolution
		HideSolutionNode = FALSE
	EndGlobalSection
EndGlobal
